
Microsoft Visual Studio Solution File, Format Version 12.00
# Visual Studio Version 16
VisualStudioVersion = 16.0.29806.167
MinimumVisualStudioVersion = 10.0.40219.1
Project("{FAE04EC0-301F-11D3-BF4B-00C04F79EFBC}") = "API-Proto", "API-Proto\API-Proto.csproj", "{6462BAC9-7455-4A68-9349-CAEAE04853A7}"
EndProject
Project("{FAE04EC0-301F-11D3-BF4B-00C04F79EFBC}") = "TodoitemDataAccess", "TodoitemDataAccess\TodoitemDataAccess.csproj", "{1D98236B-24F3-4BB0-87BF-F0972C7C8EC9}"
EndProject
Global
	GlobalSection(SolutionConfigurationPlatforms) = preSolution
		Debug|Any CPU = Debug|Any CPU
		Release|Any CPU = Release|Any CPU
	EndGlobalSection
	GlobalSection(ProjectConfigurationPlatforms) = postSolution
		{6462BAC9-7455-4A68-9349-CAEAE04853A7}.Debug|Any CPU.ActiveCfg = Debug|Any CPU
		{6462BAC9-7455-4A68-9349-CAEAE04853A7}.Debug|Any CPU.Build.0 = Debug|Any CPU
		{6462BAC9-7455-4A68-9349-CAEAE04853A7}.Release|Any CPU.ActiveCfg = Release|Any CPU
		{6462BAC9-7455-4A68-9349-CAEAE04853A7}.Release|Any CPU.Build.0 = Release|Any CPU
		{1D98236B-24F3-4BB0-87BF-F0972C7C8EC9}.Debug|Any CPU.ActiveCfg = Debug|Any CPU
		{1D98236B-24F3-4BB0-87BF-F0972C7C8EC9}.Debug|Any CPU.Build.0 = Debug|Any CPU
		{1D98236B-24F3-4BB0-87BF-F0972C7C8EC9}.Release|Any CPU.ActiveCfg = Release|Any CPU
		{1D98236B-24F3-4BB0-87BF-F0972C7C8EC9}.Release|Any CPU.Build.0 = Release|Any CPU
	EndGlobalSection
	GlobalSection(SolutionProperties) = preSolution
		HideSolutionNode = FALSE
	EndGlobalSection
	GlobalSection(ExtensibilityGlobals) = postSolution
		SolutionGuid = {056B80BD-AF34-4307-9774-2ABEE27D66CE}
	EndGlobalSection
EndGlobal
