
Microsoft Visual Studio Solution File, Format Version 12.00
# Visual Studio Version 16
VisualStudioVersion = 16.0.29920.165
MinimumVisualStudioVersion = 10.0.40219.1
Project("{FAE04EC0-301F-11D3-BF4B-00C04F79EFBC}") = "API-ISD-Proto", "API-ISD-Proto\API-ISD-Proto.csproj", "{E3F30C00-6E70-448F-B239-41F3F9A5C7FF}"
EndProject
Project("{FAE04EC0-301F-11D3-BF4B-00C04F79EFBC}") = "DataModelAccess", "DataModelAccess\DataModelAccess.csproj", "{413C10BA-3FF7-4D5A-A961-E906DA521120}"
EndProject
Global
	GlobalSection(SolutionConfigurationPlatforms) = preSolution
		Debug|Any CPU = Debug|Any CPU
		Release|Any CPU = Release|Any CPU
	EndGlobalSection
	GlobalSection(ProjectConfigurationPlatforms) = postSolution
		{E3F30C00-6E70-448F-B239-41F3F9A5C7FF}.Debug|Any CPU.ActiveCfg = Debug|Any CPU
		{E3F30C00-6E70-448F-B239-41F3F9A5C7FF}.Debug|Any CPU.Build.0 = Debug|Any CPU
		{E3F30C00-6E70-448F-B239-41F3F9A5C7FF}.Release|Any CPU.ActiveCfg = Release|Any CPU
		{E3F30C00-6E70-448F-B239-41F3F9A5C7FF}.Release|Any CPU.Build.0 = Release|Any CPU
		{413C10BA-3FF7-4D5A-A961-E906DA521120}.Debug|Any CPU.ActiveCfg = Debug|Any CPU
		{413C10BA-3FF7-4D5A-A961-E906DA521120}.Debug|Any CPU.Build.0 = Debug|Any CPU
		{413C10BA-3FF7-4D5A-A961-E906DA521120}.Release|Any CPU.ActiveCfg = Release|Any CPU
		{413C10BA-3FF7-4D5A-A961-E906DA521120}.Release|Any CPU.Build.0 = Release|Any CPU
	EndGlobalSection
	GlobalSection(SolutionProperties) = preSolution
		HideSolutionNode = FALSE
	EndGlobalSection
	GlobalSection(ExtensibilityGlobals) = postSolution
		SolutionGuid = {F84F1873-7AAD-4FAA-B94C-B1087B9F1425}
	EndGlobalSection
EndGlobal
